<?xml version="1.0" encoding="utf-8"?>
<Project ToolsVersion="4.0" xmlns="http://schemas.microsoft.com/developer/msbuild/2003">
  <ItemGroup>
    <Filter Include="ソース ファイル">
      <UniqueIdentifier>{4FC737F1-C7A5-4376-A066-2A32D752A2FF}</UniqueIdentifier>
      <Extensions>cpp;c;cc;cxx;def;odl;idl;hpj;bat;asm;asmx</Extensions>
    </Filter>
    <Filter Include="ヘッダー ファイル">
      <UniqueIdentifier>{93995380-89BD-4b04-88EB-625FBE52EBFB}</UniqueIdentifier>
      <Extensions>h;hh;hpp;hxx;hm;inl;inc;xsd</Extensions>
    </Filter>
    <Filter Include="リソース ファイル">
      <UniqueIdentifier>{67DA6AB6-F800-4c08-8B7A-83BB121AAD01}</UniqueIdentifier>
      <Extensions>rc;ico;cur;bmp;dlg;rc2;rct;bin;rgs;gif;jpg;jpeg;jpe;resx;tiff;tif;png;wav;mfcribbon-ms</Extensions>
    </Filter>
    <Filter Include="ソース ファイル\char">
      <UniqueIdentifier>{7d43da31-0dda-484b-92f5-71a12220c3dc}</UniqueIdentifier>
    </Filter>
    <Filter Include="ソース ファイル\Render">
      <UniqueIdentifier>{06b91afb-9a44-41a5-b3b1-c68abef3f293}</UniqueIdentifier>
    </Filter>
    <Filter Include="ソース ファイル\Control">
      <UniqueIdentifier>{724f5b7a-fe8a-43e3-affe-f010386fdf7c}</UniqueIdentifier>
    </Filter>
    <Filter Include="ソース ファイル\Sound">
      <UniqueIdentifier>{762fa9aa-ff2d-40df-88bd-02c4b9ebf6cb}</UniqueIdentifier>
    </Filter>
  </ItemGroup>
  <ItemGroup>
    <ClCompile Include="Main.cpp">
      <Filter>ソース ファイル</Filter>
    </ClCompile>
    <ClCompile Include="alligator.cpp">
      <Filter>ソース ファイル\char</Filter>
    </ClCompile>
    <ClCompile Include="elephant.cpp">
      <Filter>ソース ファイル\char</Filter>
    </ClCompile>
    <ClCompile Include="lion.cpp">
      <Filter>ソース ファイル\char</Filter>
    </ClCompile>
    <ClCompile Include="tree.cpp">
      <Filter>ソース ファイル\char</Filter>
    </ClCompile>
    <ClCompile Include="finish.cpp">
      <Filter>ソース ファイル\Render</Filter>
    </ClCompile>
    <ClCompile Include="GameScene.cpp">
      <Filter>ソース ファイル\Render</Filter>
    </ClCompile>
    <ClCompile Include="Control.cpp">
      <Filter>ソース ファイル\Control</Filter>
    </ClCompile>
    <ClCompile Include="Mouse.cpp">
      <Filter>ソース ファイル\Control</Filter>
    </ClCompile>
    <ClCompile Include="GameSceneScroll.cpp">
      <Filter>ソース ファイル</Filter>
    </ClCompile>
    <ClCompile Include="right.cpp">
      <Filter>ソース ファイル</Filter>
    </ClCompile>
    <ClCompile Include="left.cpp">
      <Filter>ソース ファイル</Filter>
    </ClCompile>
    <ClCompile Include="risu.cpp">
      <Filter>ソース ファイル\char</Filter>
    </ClCompile>
    <ClCompile Include="chestnut.cpp">
      <Filter>ソース ファイル\char</Filter>
    </ClCompile>
    <ClCompile Include="hippopotamus.cpp">
      <Filter>ソース ファイル\char</Filter>
    </ClCompile>
    <ClCompile Include="mole.cpp">
      <Filter>ソース ファイル\char</Filter>
    </ClCompile>
    <ClCompile Include="hole.cpp">
      <Filter>ソース ファイル\char</Filter>
    </ClCompile>
    <ClCompile Include="barricade.cpp">
      <Filter>ソース ファイル\char</Filter>
    </ClCompile>
    <ClCompile Include="GameScene2.cpp">
      <Filter>ソース ファイル\Render</Filter>
    </ClCompile>
    <ClCompile Include="GameScene3.cpp">
      <Filter>ソース ファイル\Render</Filter>
    </ClCompile>
    <ClCompile Include="GameScene4.cpp">
      <Filter>ソース ファイル\Render</Filter>
    </ClCompile>
    <ClCompile Include="GameScene6.cpp">
      <Filter>ソース ファイル\Render</Filter>
    </ClCompile>
    <ClCompile Include="GameScene7.cpp">
      <Filter>ソース ファイル\Render</Filter>
    </ClCompile>
    <ClCompile Include="GameScene8.cpp">
      <Filter>ソース ファイル\Render</Filter>
    </ClCompile>
    <ClCompile Include="Sound.cpp">
      <Filter>ソース ファイル\Sound</Filter>
    </ClCompile>
  </ItemGroup>
  <ItemGroup>
    <ClInclude Include="alligator.h">
      <Filter>ソース ファイル\char</Filter>
    </ClInclude>
    <ClInclude Include="char.h">
      <Filter>ソース ファイル\char</Filter>
    </ClInclude>
    <ClInclude Include="elephant.h">
      <Filter>ソース ファイル\char</Filter>
    </ClInclude>
    <ClInclude Include="lion.h">
      <Filter>ソース ファイル\char</Filter>
    </ClInclude>
    <ClInclude Include="tree.h">
      <Filter>ソース ファイル\char</Filter>
    </ClInclude>
    <ClInclude Include="finish.h">
      <Filter>ソース ファイル\Render</Filter>
    </ClInclude>
    <ClInclude Include="GameScene.h">
      <Filter>ソース ファイル\Render</Filter>
    </ClInclude>
    <ClInclude Include="Control.h">
      <Filter>ソース ファイル\Control</Filter>
    </ClInclude>
    <ClInclude Include="Mouse.h">
      <Filter>ソース ファイル\Control</Filter>
    </ClInclude>
    <ClInclude Include="GameSceneScroll.h">
      <Filter>ソース ファイル</Filter>
    </ClInclude>
    <ClInclude Include="right.h">
      <Filter>ソース ファイル</Filter>
    </ClInclude>
    <ClInclude Include="left.h">
      <Filter>ソース ファイル</Filter>
    </ClInclude>
    <ClInclude Include="risu.h">
      <Filter>ソース ファイル\char</Filter>
    </ClInclude>
    <ClInclude Include="chestnut.h">
      <Filter>ソース ファイル\char</Filter>
    </ClInclude>
    <ClInclude Include="hippopotamus.h">
      <Filter>ソース ファイル\char</Filter>
    </ClInclude>
    <ClInclude Include="mole.h">
      <Filter>ソース ファイル\char</Filter>
    </ClInclude>
    <ClInclude Include="hole.h">
      <Filter>ソース ファイル\char</Filter>
    </ClInclude>
    <ClInclude Include="barricade.h">
      <Filter>ソース ファイル\char</Filter>
    </ClInclude>
    <ClInclude Include="Sound.h">
      <Filter>ソース ファイル\Sound</Filter>
    </ClInclude>
  </ItemGroup>
</Project>